
Microsoft Visual Studio Solution File, Format Version 12.00
Project("{2150E333-8FDC-42A3-9474-1A3956D46DE8}") = "MIBO.AppHost", "MIBO.AppHost", "{84D809E1-FF55-4BD2-8A0C-DA56168D0488}"
EndProject
Project("{2150E333-8FDC-42A3-9474-1A3956D46DE8}") = "MIBO.Client", "MIBO.Client", "{59D79BA3-4280-4AB8-9FA9-A275A672EC50}"
EndProject
Project("{2150E333-8FDC-42A3-9474-1A3956D46DE8}") = "MIBO.ApiGateway", "MIBO.ApiGateway", "{62DF64B7-9596-42B8-9DDC-123506AD5934}"
EndProject
Project("{2150E333-8FDC-42A3-9474-1A3956D46DE8}") = "MIBO.BackendServices", "MIBO.BackendServices", "{98B242C8-B619-423E-914F-73DB76806333}"
EndProject
Project("{2150E333-8FDC-42A3-9474-1A3956D46DE8}") = "MIBO.DataServices", "MIBO.DataServices", "{22C70DA3-57DD-40B9-B500-B26DC049D267}"
EndProject
Project("{2150E333-8FDC-42A3-9474-1A3956D46DE8}") = "MIBO.Storage", "MIBO.Storage", "{5401EED5-C8BE-4F48-B5E5-B84C3181F4BF}"
EndProject
Project("{2150E333-8FDC-42A3-9474-1A3956D46DE8}") = "MIBO.Observability", "MIBO.Observability", "{F4FBAD12-E12C-4EC3-897E-1FEEF6CD932F}"
EndProject
Project("{2150E333-8FDC-42A3-9474-1A3956D46DE8}") = "MIBO.Agents", "MIBO.Agents", "{2F3DB5EC-B508-40DF-B409-10CDA0A04D28}"
EndProject
Project("{2150E333-8FDC-42A3-9474-1A3956D46DE8}") = "MIBO.Infrastructure", "MIBO.Infrastructure", "{6D60469B-F69D-4A26-B92A-F7D1017CF05E}"
EndProject
Project("{FAE04EC0-301F-11D3-BF4B-00C04F79EFBC}") = "MIBO.AppHost", "MIBO.AppHost\MIBO.AppHost.csproj", "{2A9229DB-0A1D-434D-A11D-0DB993333B07}"
EndProject
Project("{FAE04EC0-301F-11D3-BF4B-00C04F79EFBC}") = "MIBO.ApiGateway", "MIBO.ApiGateway\MIBO.ApiGateway.csproj", "{521FB8DF-01CB-47BA-9427-71FBE22075E7}"
EndProject
Project("{2150E333-8FDC-42A3-9474-1A3956D46DE8}") = "Solution Items", "Solution Items", "{E7774C5E-DE33-47F9-B28C-6022019B171E}"
	ProjectSection(SolutionItems) = preProject
		compose.yaml = compose.yaml
	EndProjectSection
EndProject
Project("{FAE04EC0-301F-11D3-BF4B-00C04F79EFBC}") = "MIBO.ConversationService", "MIBO.ConversationService\MIBO.ConversationService.csproj", "{21342139-7A4B-4C22-8212-05D35E055928}"
EndProject
Project("{FAE04EC0-301F-11D3-BF4B-00C04F79EFBC}") = "MIBO.VisualisationService", "MIBO.VisualisationService\MIBO.VisualisationService.csproj", "{25D9EF4C-0466-4B62-B940-5DF820C93352}"
EndProject
Project("{FAE04EC0-301F-11D3-BF4B-00C04F79EFBC}") = "MIBO.CalendarAgent", "MIBO.CalendarAgent\MIBO.CalendarAgent.csproj", "{BFBA1999-DCB9-44C4-9E21-AFFAFD762AD1}"
EndProject
Project("{FAE04EC0-301F-11D3-BF4B-00C04F79EFBC}") = "MIBO.FinanceDataService", "MIBO.FinanceDataService\MIBO.FinanceDataService.csproj", "{373943FE-1D0E-44B6-BF36-357D3E84804B}"
EndProject
Project("{FAE04EC0-301F-11D3-BF4B-00C04F79EFBC}") = "MIBO.WeatherDataService", "MIBO.WeatherDataService\MIBO.WeatherDataService.csproj", "{A914D3F7-6836-47D4-B023-41ADEBAEEAA3}"
EndProject
Project("{FAE04EC0-301F-11D3-BF4B-00C04F79EFBC}") = "MIBO.CalendarDataService", "MIBO.CalendarDataService\MIBO.CalendarDataService.csproj", "{665EF263-5029-42AD-890C-65C5EFAD8E4F}"
EndProject
Project("{FAE04EC0-301F-11D3-BF4B-00C04F79EFBC}") = "MIBO.EventBus", "MIBO.EventBus\MIBO.EventBus.csproj", "{97946054-2FFC-4AF1-9962-01E3805F44FD}"
EndProject
Project("{FAE04EC0-301F-11D3-BF4B-00C04F79EFBC}") = "MIBO.Storage.PostgreSQL", "MIBO.Storage.PostgreSQL\MIBO.Storage.PostgreSQL.csproj", "{00234E02-7161-4611-B28B-82B502F6FB6E}"
EndProject
Project("{FAE04EC0-301F-11D3-BF4B-00C04F79EFBC}") = "MIBO.Cache.Redis", "MIBO.Cache.Redis\MIBO.Cache.Redis.csproj", "{5C5D22BF-EDF5-431F-96FC-A001A4684EFF}"
EndProject
Project("{FAE04EC0-301F-11D3-BF4B-00C04F79EFBC}") = "MIBO.Storage.Blob", "MIBO.Storage.Blob\MIBO.Storage.Blob.csproj", "{CA2A248D-A364-45E7-8AE7-C8E9324B0DCE}"
EndProject
Project("{FAE04EC0-301F-11D3-BF4B-00C04F79EFBC}") = "MIBO.Observability", "MIBO.Observability\MIBO.Observability.csproj", "{8845400E-37E5-4A5F-A347-2D9B101C7E8A}"
EndProject
Global
	GlobalSection(SolutionConfigurationPlatforms) = preSolution
		Debug|Any CPU = Debug|Any CPU
		Release|Any CPU = Release|Any CPU
	EndGlobalSection
	GlobalSection(ProjectConfigurationPlatforms) = postSolution
		{2A9229DB-0A1D-434D-A11D-0DB993333B07}.Debug|Any CPU.ActiveCfg = Debug|Any CPU
		{2A9229DB-0A1D-434D-A11D-0DB993333B07}.Debug|Any CPU.Build.0 = Debug|Any CPU
		{2A9229DB-0A1D-434D-A11D-0DB993333B07}.Release|Any CPU.ActiveCfg = Release|Any CPU
		{2A9229DB-0A1D-434D-A11D-0DB993333B07}.Release|Any CPU.Build.0 = Release|Any CPU
		{521FB8DF-01CB-47BA-9427-71FBE22075E7}.Debug|Any CPU.ActiveCfg = Debug|Any CPU
		{521FB8DF-01CB-47BA-9427-71FBE22075E7}.Debug|Any CPU.Build.0 = Debug|Any CPU
		{521FB8DF-01CB-47BA-9427-71FBE22075E7}.Release|Any CPU.ActiveCfg = Release|Any CPU
		{521FB8DF-01CB-47BA-9427-71FBE22075E7}.Release|Any CPU.Build.0 = Release|Any CPU
		{21342139-7A4B-4C22-8212-05D35E055928}.Debug|Any CPU.ActiveCfg = Debug|Any CPU
		{21342139-7A4B-4C22-8212-05D35E055928}.Debug|Any CPU.Build.0 = Debug|Any CPU
		{21342139-7A4B-4C22-8212-05D35E055928}.Release|Any CPU.ActiveCfg = Release|Any CPU
		{21342139-7A4B-4C22-8212-05D35E055928}.Release|Any CPU.Build.0 = Release|Any CPU
		{25D9EF4C-0466-4B62-B940-5DF820C93352}.Debug|Any CPU.ActiveCfg = Debug|Any CPU
		{25D9EF4C-0466-4B62-B940-5DF820C93352}.Debug|Any CPU.Build.0 = Debug|Any CPU
		{25D9EF4C-0466-4B62-B940-5DF820C93352}.Release|Any CPU.ActiveCfg = Release|Any CPU
		{25D9EF4C-0466-4B62-B940-5DF820C93352}.Release|Any CPU.Build.0 = Release|Any CPU
		{BFBA1999-DCB9-44C4-9E21-AFFAFD762AD1}.Debug|Any CPU.ActiveCfg = Debug|Any CPU
		{BFBA1999-DCB9-44C4-9E21-AFFAFD762AD1}.Debug|Any CPU.Build.0 = Debug|Any CPU
		{BFBA1999-DCB9-44C4-9E21-AFFAFD762AD1}.Release|Any CPU.ActiveCfg = Release|Any CPU
		{BFBA1999-DCB9-44C4-9E21-AFFAFD762AD1}.Release|Any CPU.Build.0 = Release|Any CPU
		{373943FE-1D0E-44B6-BF36-357D3E84804B}.Debug|Any CPU.ActiveCfg = Debug|Any CPU
		{373943FE-1D0E-44B6-BF36-357D3E84804B}.Debug|Any CPU.Build.0 = Debug|Any CPU
		{373943FE-1D0E-44B6-BF36-357D3E84804B}.Release|Any CPU.ActiveCfg = Release|Any CPU
		{373943FE-1D0E-44B6-BF36-357D3E84804B}.Release|Any CPU.Build.0 = Release|Any CPU
		{A914D3F7-6836-47D4-B023-41ADEBAEEAA3}.Debug|Any CPU.ActiveCfg = Debug|Any CPU
		{A914D3F7-6836-47D4-B023-41ADEBAEEAA3}.Debug|Any CPU.Build.0 = Debug|Any CPU
		{A914D3F7-6836-47D4-B023-41ADEBAEEAA3}.Release|Any CPU.ActiveCfg = Release|Any CPU
		{A914D3F7-6836-47D4-B023-41ADEBAEEAA3}.Release|Any CPU.Build.0 = Release|Any CPU
		{665EF263-5029-42AD-890C-65C5EFAD8E4F}.Debug|Any CPU.ActiveCfg = Debug|Any CPU
		{665EF263-5029-42AD-890C-65C5EFAD8E4F}.Debug|Any CPU.Build.0 = Debug|Any CPU
		{665EF263-5029-42AD-890C-65C5EFAD8E4F}.Release|Any CPU.ActiveCfg = Release|Any CPU
		{665EF263-5029-42AD-890C-65C5EFAD8E4F}.Release|Any CPU.Build.0 = Release|Any CPU
		{97946054-2FFC-4AF1-9962-01E3805F44FD}.Debug|Any CPU.ActiveCfg = Debug|Any CPU
		{97946054-2FFC-4AF1-9962-01E3805F44FD}.Debug|Any CPU.Build.0 = Debug|Any CPU
		{97946054-2FFC-4AF1-9962-01E3805F44FD}.Release|Any CPU.ActiveCfg = Release|Any CPU
		{97946054-2FFC-4AF1-9962-01E3805F44FD}.Release|Any CPU.Build.0 = Release|Any CPU
		{00234E02-7161-4611-B28B-82B502F6FB6E}.Debug|Any CPU.ActiveCfg = Debug|Any CPU
		{00234E02-7161-4611-B28B-82B502F6FB6E}.Debug|Any CPU.Build.0 = Debug|Any CPU
		{00234E02-7161-4611-B28B-82B502F6FB6E}.Release|Any CPU.ActiveCfg = Release|Any CPU
		{00234E02-7161-4611-B28B-82B502F6FB6E}.Release|Any CPU.Build.0 = Release|Any CPU
		{5C5D22BF-EDF5-431F-96FC-A001A4684EFF}.Debug|Any CPU.ActiveCfg = Debug|Any CPU
		{5C5D22BF-EDF5-431F-96FC-A001A4684EFF}.Debug|Any CPU.Build.0 = Debug|Any CPU
		{5C5D22BF-EDF5-431F-96FC-A001A4684EFF}.Release|Any CPU.ActiveCfg = Release|Any CPU
		{5C5D22BF-EDF5-431F-96FC-A001A4684EFF}.Release|Any CPU.Build.0 = Release|Any CPU
		{CA2A248D-A364-45E7-8AE7-C8E9324B0DCE}.Debug|Any CPU.ActiveCfg = Debug|Any CPU
		{CA2A248D-A364-45E7-8AE7-C8E9324B0DCE}.Debug|Any CPU.Build.0 = Debug|Any CPU
		{CA2A248D-A364-45E7-8AE7-C8E9324B0DCE}.Release|Any CPU.ActiveCfg = Release|Any CPU
		{CA2A248D-A364-45E7-8AE7-C8E9324B0DCE}.Release|Any CPU.Build.0 = Release|Any CPU
		{8845400E-37E5-4A5F-A347-2D9B101C7E8A}.Debug|Any CPU.ActiveCfg = Debug|Any CPU
		{8845400E-37E5-4A5F-A347-2D9B101C7E8A}.Debug|Any CPU.Build.0 = Debug|Any CPU
		{8845400E-37E5-4A5F-A347-2D9B101C7E8A}.Release|Any CPU.ActiveCfg = Release|Any CPU
		{8845400E-37E5-4A5F-A347-2D9B101C7E8A}.Release|Any CPU.Build.0 = Release|Any CPU
	EndGlobalSection
	GlobalSection(NestedProjects) = preSolution
		{2A9229DB-0A1D-434D-A11D-0DB993333B07} = {84D809E1-FF55-4BD2-8A0C-DA56168D0488}
		{521FB8DF-01CB-47BA-9427-71FBE22075E7} = {62DF64B7-9596-42B8-9DDC-123506AD5934}
		{21342139-7A4B-4C22-8212-05D35E055928} = {98B242C8-B619-423E-914F-73DB76806333}
		{25D9EF4C-0466-4B62-B940-5DF820C93352} = {98B242C8-B619-423E-914F-73DB76806333}
		{BFBA1999-DCB9-44C4-9E21-AFFAFD762AD1} = {98B242C8-B619-423E-914F-73DB76806333}
		{373943FE-1D0E-44B6-BF36-357D3E84804B} = {22C70DA3-57DD-40B9-B500-B26DC049D267}
		{A914D3F7-6836-47D4-B023-41ADEBAEEAA3} = {22C70DA3-57DD-40B9-B500-B26DC049D267}
		{665EF263-5029-42AD-890C-65C5EFAD8E4F} = {22C70DA3-57DD-40B9-B500-B26DC049D267}
		{97946054-2FFC-4AF1-9962-01E3805F44FD} = {22C70DA3-57DD-40B9-B500-B26DC049D267}
		{00234E02-7161-4611-B28B-82B502F6FB6E} = {5401EED5-C8BE-4F48-B5E5-B84C3181F4BF}
		{5C5D22BF-EDF5-431F-96FC-A001A4684EFF} = {5401EED5-C8BE-4F48-B5E5-B84C3181F4BF}
		{CA2A248D-A364-45E7-8AE7-C8E9324B0DCE} = {5401EED5-C8BE-4F48-B5E5-B84C3181F4BF}
		{8845400E-37E5-4A5F-A347-2D9B101C7E8A} = {F4FBAD12-E12C-4EC3-897E-1FEEF6CD932F}
	EndGlobalSection
EndGlobal
