
Microsoft Visual Studio Solution File, Format Version 12.00
Project("{2150E333-8FDC-42A3-9474-1A3956D46DE8}") = "MIBO.AppHost", "MIBO.AppHost", "{84D809E1-FF55-4BD2-8A0C-DA56168D0488}"
EndProject
Project("{2150E333-8FDC-42A3-9474-1A3956D46DE8}") = "MIBO.ApiGateway", "MIBO.ApiGateway", "{62DF64B7-9596-42B8-9DDC-123506AD5934}"
EndProject
Project("{2150E333-8FDC-42A3-9474-1A3956D46DE8}") = "MIBO.BackendServices", "MIBO.BackendServices", "{98B242C8-B619-423E-914F-73DB76806333}"
EndProject
Project("{2150E333-8FDC-42A3-9474-1A3956D46DE8}") = "MIBO.Storage", "MIBO.Storage", "{5401EED5-C8BE-4F48-B5E5-B84C3181F4BF}"
EndProject
Project("{FAE04EC0-301F-11D3-BF4B-00C04F79EFBC}") = "MIBO.AppHost", "MIBO.AppHost\MIBO.AppHost.csproj", "{2A9229DB-0A1D-434D-A11D-0DB993333B07}"
EndProject
Project("{FAE04EC0-301F-11D3-BF4B-00C04F79EFBC}") = "MIBO.ApiGateway", "MIBO.ApiGateway\MIBO.ApiGateway.csproj", "{521FB8DF-01CB-47BA-9427-71FBE22075E7}"
EndProject
Project("{2150E333-8FDC-42A3-9474-1A3956D46DE8}") = "Solution Items", "Solution Items", "{E7774C5E-DE33-47F9-B28C-6022019B171E}"
	ProjectSection(SolutionItems) = preProject
		compose.yaml = compose.yaml
	EndProjectSection
EndProject
Project("{FAE04EC0-301F-11D3-BF4B-00C04F79EFBC}") = "MIBO.ConversationService", "MIBO.ConversationService\MIBO.ConversationService.csproj", "{21342139-7A4B-4C22-8212-05D35E055928}"
EndProject
Project("{FAE04EC0-301F-11D3-BF4B-00C04F79EFBC}") = "MIBO.Storage.PostgreSQL", "MIBO.Storage.PostgreSQL\MIBO.Storage.PostgreSQL.csproj", "{00234E02-7161-4611-B28B-82B502F6FB6E}"
EndProject
Project("{FAE04EC0-301F-11D3-BF4B-00C04F79EFBC}") = "MIBO.Cache.Redis", "MIBO.Cache.Redis\MIBO.Cache.Redis.csproj", "{5C5D22BF-EDF5-431F-96FC-A001A4684EFF}"
EndProject
Project("{FAE04EC0-301F-11D3-BF4B-00C04F79EFBC}") = "MIBO.IdentityService", "MIBO.IdentityService\MIBO.IdentityService.csproj", "{00618FB5-40EA-4D14-AC8D-A89277BAD8C9}"
EndProject
Project("{FAE04EC0-301F-11D3-BF4B-00C04F79EFBC}") = "MIBO.Storage.Mongo", "MIBO.Storage.Mongo\MIBO.Storage.Mongo.csproj", "{D9013A4D-78B0-4C06-8378-A92A307D3F3E}"
EndProject
Project("{FAE04EC0-301F-11D3-BF4B-00C04F79EFBC}") = "MIBO.ActionService", "MIBO.ActionService\MIBO.ActionService.csproj", "{7F2FDFE7-D8B5-4879-9566-59DE59842C0F}"
EndProject
Global
	GlobalSection(SolutionConfigurationPlatforms) = preSolution
		Debug|Any CPU = Debug|Any CPU
		Release|Any CPU = Release|Any CPU
	EndGlobalSection
	GlobalSection(ProjectConfigurationPlatforms) = postSolution
		{2A9229DB-0A1D-434D-A11D-0DB993333B07}.Debug|Any CPU.ActiveCfg = Debug|Any CPU
		{2A9229DB-0A1D-434D-A11D-0DB993333B07}.Debug|Any CPU.Build.0 = Debug|Any CPU
		{2A9229DB-0A1D-434D-A11D-0DB993333B07}.Release|Any CPU.ActiveCfg = Release|Any CPU
		{2A9229DB-0A1D-434D-A11D-0DB993333B07}.Release|Any CPU.Build.0 = Release|Any CPU
		{521FB8DF-01CB-47BA-9427-71FBE22075E7}.Debug|Any CPU.ActiveCfg = Debug|Any CPU
		{521FB8DF-01CB-47BA-9427-71FBE22075E7}.Debug|Any CPU.Build.0 = Debug|Any CPU
		{521FB8DF-01CB-47BA-9427-71FBE22075E7}.Release|Any CPU.ActiveCfg = Release|Any CPU
		{521FB8DF-01CB-47BA-9427-71FBE22075E7}.Release|Any CPU.Build.0 = Release|Any CPU
		{21342139-7A4B-4C22-8212-05D35E055928}.Debug|Any CPU.ActiveCfg = Debug|Any CPU
		{21342139-7A4B-4C22-8212-05D35E055928}.Debug|Any CPU.Build.0 = Debug|Any CPU
		{21342139-7A4B-4C22-8212-05D35E055928}.Release|Any CPU.ActiveCfg = Release|Any CPU
		{21342139-7A4B-4C22-8212-05D35E055928}.Release|Any CPU.Build.0 = Release|Any CPU
		{00234E02-7161-4611-B28B-82B502F6FB6E}.Debug|Any CPU.ActiveCfg = Debug|Any CPU
		{00234E02-7161-4611-B28B-82B502F6FB6E}.Debug|Any CPU.Build.0 = Debug|Any CPU
		{00234E02-7161-4611-B28B-82B502F6FB6E}.Release|Any CPU.ActiveCfg = Release|Any CPU
		{00234E02-7161-4611-B28B-82B502F6FB6E}.Release|Any CPU.Build.0 = Release|Any CPU
		{5C5D22BF-EDF5-431F-96FC-A001A4684EFF}.Debug|Any CPU.ActiveCfg = Debug|Any CPU
		{5C5D22BF-EDF5-431F-96FC-A001A4684EFF}.Debug|Any CPU.Build.0 = Debug|Any CPU
		{5C5D22BF-EDF5-431F-96FC-A001A4684EFF}.Release|Any CPU.ActiveCfg = Release|Any CPU
		{5C5D22BF-EDF5-431F-96FC-A001A4684EFF}.Release|Any CPU.Build.0 = Release|Any CPU
		{00618FB5-40EA-4D14-AC8D-A89277BAD8C9}.Debug|Any CPU.ActiveCfg = Debug|Any CPU
		{00618FB5-40EA-4D14-AC8D-A89277BAD8C9}.Debug|Any CPU.Build.0 = Debug|Any CPU
		{00618FB5-40EA-4D14-AC8D-A89277BAD8C9}.Release|Any CPU.ActiveCfg = Release|Any CPU
		{00618FB5-40EA-4D14-AC8D-A89277BAD8C9}.Release|Any CPU.Build.0 = Release|Any CPU
		{D9013A4D-78B0-4C06-8378-A92A307D3F3E}.Debug|Any CPU.ActiveCfg = Debug|Any CPU
		{D9013A4D-78B0-4C06-8378-A92A307D3F3E}.Debug|Any CPU.Build.0 = Debug|Any CPU
		{D9013A4D-78B0-4C06-8378-A92A307D3F3E}.Release|Any CPU.ActiveCfg = Release|Any CPU
		{D9013A4D-78B0-4C06-8378-A92A307D3F3E}.Release|Any CPU.Build.0 = Release|Any CPU
		{7F2FDFE7-D8B5-4879-9566-59DE59842C0F}.Debug|Any CPU.ActiveCfg = Debug|Any CPU
		{7F2FDFE7-D8B5-4879-9566-59DE59842C0F}.Debug|Any CPU.Build.0 = Debug|Any CPU
		{7F2FDFE7-D8B5-4879-9566-59DE59842C0F}.Release|Any CPU.ActiveCfg = Release|Any CPU
		{7F2FDFE7-D8B5-4879-9566-59DE59842C0F}.Release|Any CPU.Build.0 = Release|Any CPU
	EndGlobalSection
	GlobalSection(SolutionProperties) = preSolution
		HideSolutionNode = FALSE
	EndGlobalSection
	GlobalSection(NestedProjects) = preSolution
		{2A9229DB-0A1D-434D-A11D-0DB993333B07} = {84D809E1-FF55-4BD2-8A0C-DA56168D0488}
		{521FB8DF-01CB-47BA-9427-71FBE22075E7} = {62DF64B7-9596-42B8-9DDC-123506AD5934}
		{21342139-7A4B-4C22-8212-05D35E055928} = {98B242C8-B619-423E-914F-73DB76806333}
		{00234E02-7161-4611-B28B-82B502F6FB6E} = {5401EED5-C8BE-4F48-B5E5-B84C3181F4BF}
		{5C5D22BF-EDF5-431F-96FC-A001A4684EFF} = {5401EED5-C8BE-4F48-B5E5-B84C3181F4BF}
		{D9013A4D-78B0-4C06-8378-A92A307D3F3E} = {5401EED5-C8BE-4F48-B5E5-B84C3181F4BF}
		{7F2FDFE7-D8B5-4879-9566-59DE59842C0F} = {98B242C8-B619-423E-914F-73DB76806333}
	EndGlobalSection
EndGlobal
